
Microsoft Visual Studio Solution File, Format Version 12.00
# Visual Studio Version 17
VisualStudioVersion = 17.4.33205.214
MinimumVisualStudioVersion = 10.0.40219.1
Project("{FAE04EC0-301F-11D3-BF4B-00C04F79EFBC}") = "Billit-Net", "Billit-Net\Billit-Net.csproj", "{68644B53-1D7B-4FF1-BD46-34F2B0D43AD0}"
EndProject
Project("{FAE04EC0-301F-11D3-BF4B-00C04F79EFBC}") = "Billit_Net.Test", "Billit_Net.Test\Billit_Net.Test.csproj", "{CA7A72D4-2E03-4C1B-AC3F-B0C9F969FAFA}"
EndProject
Global
	GlobalSection(SolutionConfigurationPlatforms) = preSolution
		Debug|Any CPU = Debug|Any CPU
		Release|Any CPU = Release|Any CPU
	EndGlobalSection
	GlobalSection(ProjectConfigurationPlatforms) = postSolution
		{68644B53-1D7B-4FF1-BD46-34F2B0D43AD0}.Debug|Any CPU.ActiveCfg = Debug|Any CPU
		{68644B53-1D7B-4FF1-BD46-34F2B0D43AD0}.Debug|Any CPU.Build.0 = Debug|Any CPU
		{68644B53-1D7B-4FF1-BD46-34F2B0D43AD0}.Release|Any CPU.ActiveCfg = Release|Any CPU
		{68644B53-1D7B-4FF1-BD46-34F2B0D43AD0}.Release|Any CPU.Build.0 = Release|Any CPU
		{CA7A72D4-2E03-4C1B-AC3F-B0C9F969FAFA}.Debug|Any CPU.ActiveCfg = Debug|Any CPU
		{CA7A72D4-2E03-4C1B-AC3F-B0C9F969FAFA}.Debug|Any CPU.Build.0 = Debug|Any CPU
		{CA7A72D4-2E03-4C1B-AC3F-B0C9F969FAFA}.Release|Any CPU.ActiveCfg = Release|Any CPU
		{CA7A72D4-2E03-4C1B-AC3F-B0C9F969FAFA}.Release|Any CPU.Build.0 = Release|Any CPU
	EndGlobalSection
	GlobalSection(SolutionProperties) = preSolution
		HideSolutionNode = FALSE
	EndGlobalSection
	GlobalSection(ExtensibilityGlobals) = postSolution
		SolutionGuid = {0383610A-2730-42BE-8E71-BF7AC18EB574}
	EndGlobalSection
EndGlobal
